
Microsoft Visual Studio Solution File, Format Version 12.00
# Visual Studio Version 17
VisualStudioVersion = 17.0.32112.339
MinimumVisualStudioVersion = 10.0.40219.1
Project("{FAE04EC0-301F-11D3-BF4B-00C04F79EFBC}") = "SkyB", "SkyB\SkyB.csproj", "{C0B09BC5-6348-4088-9E9D-9B535A51FF94}"
EndProject
Global
	GlobalSection(SolutionConfigurationPlatforms) = preSolution
		Debug|Any CPU = Debug|Any CPU
		Release|Any CPU = Release|Any CPU
	EndGlobalSection
	GlobalSection(ProjectConfigurationPlatforms) = postSolution
		{C0B09BC5-6348-4088-9E9D-9B535A51FF94}.Debug|Any CPU.ActiveCfg = Debug|Any CPU
		{C0B09BC5-6348-4088-9E9D-9B535A51FF94}.Debug|Any CPU.Build.0 = Debug|Any CPU
		{C0B09BC5-6348-4088-9E9D-9B535A51FF94}.Release|Any CPU.ActiveCfg = Release|Any CPU
		{C0B09BC5-6348-4088-9E9D-9B535A51FF94}.Release|Any CPU.Build.0 = Release|Any CPU
	EndGlobalSection
	GlobalSection(SolutionProperties) = preSolution
		HideSolutionNode = FALSE
	EndGlobalSection
	GlobalSection(ExtensibilityGlobals) = postSolution
		SolutionGuid = {FBE82AD6-35E5-4C10-9F51-D133FBA7A2C7}
	EndGlobalSection
EndGlobal
